
Microsoft Visual Studio Solution File, Format Version 12.00
# Visual Studio Version 16
VisualStudioVersion = 16.0.29905.134
MinimumVisualStudioVersion = 10.0.40219.1
Project("{FAE04EC0-301F-11D3-BF4B-00C04F79EFBC}") = "Artillery", "Artillery\Artillery.csproj", "{7697582C-533D-4476-BA24-0639CF2DCFDA}"
EndProject
Global
	GlobalSection(SolutionConfigurationPlatforms) = preSolution
		Debug|Any CPU = Debug|Any CPU
		Release|Any CPU = Release|Any CPU
	EndGlobalSection
	GlobalSection(ProjectConfigurationPlatforms) = postSolution
		{7697582C-533D-4476-BA24-0639CF2DCFDA}.Debug|Any CPU.ActiveCfg = Debug|Any CPU
		{7697582C-533D-4476-BA24-0639CF2DCFDA}.Debug|Any CPU.Build.0 = Debug|Any CPU
		{7697582C-533D-4476-BA24-0639CF2DCFDA}.Release|Any CPU.ActiveCfg = Release|Any CPU
		{7697582C-533D-4476-BA24-0639CF2DCFDA}.Release|Any CPU.Build.0 = Release|Any CPU
	EndGlobalSection
	GlobalSection(SolutionProperties) = preSolution
		HideSolutionNode = FALSE
	EndGlobalSection
	GlobalSection(ExtensibilityGlobals) = postSolution
		SolutionGuid = {CE9A76B4-3308-46FB-8BAF-707215E54A7F}
	EndGlobalSection
EndGlobal
